
Microsoft Visual Studio Solution File, Format Version 12.00
# Visual Studio Version 16
VisualStudioVersion = 16.0.31515.178
MinimumVisualStudioVersion = 10.0.40219.1
Project("{FAE04EC0-301F-11D3-BF4B-00C04F79EFBC}") = "Backend", "Backend.csproj", "{238E5A06-E6E8-4771-A7C1-6E2563EC199A}"
EndProject
Global
	GlobalSection(SolutionConfigurationPlatforms) = preSolution
		Debug|Any CPU = Debug|Any CPU
		Release|Any CPU = Release|Any CPU
	EndGlobalSection
	GlobalSection(ProjectConfigurationPlatforms) = postSolution
		{238E5A06-E6E8-4771-A7C1-6E2563EC199A}.Debug|Any CPU.ActiveCfg = Debug|Any CPU
		{238E5A06-E6E8-4771-A7C1-6E2563EC199A}.Debug|Any CPU.Build.0 = Debug|Any CPU
		{238E5A06-E6E8-4771-A7C1-6E2563EC199A}.Release|Any CPU.ActiveCfg = Release|Any CPU
		{238E5A06-E6E8-4771-A7C1-6E2563EC199A}.Release|Any CPU.Build.0 = Release|Any CPU
	EndGlobalSection
	GlobalSection(SolutionProperties) = preSolution
		HideSolutionNode = FALSE
	EndGlobalSection
	GlobalSection(ExtensibilityGlobals) = postSolution
		SolutionGuid = {0C90C0BA-5396-457F-85E0-E66357055F6C}
	EndGlobalSection
EndGlobal
